<?xml version="1.0" encoding="utf-8"?>
<Project ToolsVersion="17.0" xmlns="http://schemas.microsoft.com/developer/msbuild/2003">
  <ItemGroup>
    <ClCompile Include="C:\Users\gr277128\Documents\GitHub\2D-Engine\src\engine\Engine.cpp">
      <Filter>Source Files</Filter>
    </ClCompile>
    <ClCompile Include="C:\Users\gr277128\Documents\GitHub\2D-Engine\src\engine\Scene.cpp">
      <Filter>Source Files</Filter>
    </ClCompile>
    <ClCompile Include="C:\Users\gr277128\Documents\GitHub\2D-Engine\src\engine\Window.cpp">
      <Filter>Source Files</Filter>
    </ClCompile>
    <ClCompile Include="C:\Users\gr277128\Documents\GitHub\2D-Engine\src\engine\components\SpriteComponent.cpp">
      <Filter>Source Files</Filter>
    </ClCompile>
    <ClCompile Include="C:\Users\gr277128\Documents\GitHub\2D-Engine\src\engine\components\TransformComponent.cpp">
      <Filter>Source Files</Filter>
    </ClCompile>
    <ClCompile Include="C:\Users\gr277128\Documents\GitHub\2D-Engine\src\engine\gameobjects\ImageGameObject.cpp">
      <Filter>Source Files</Filter>
    </ClCompile>
    <ClCompile Include="C:\Users\gr277128\Documents\GitHub\2D-Engine\src\engine\gameobjects\PlayerGameObject.cpp">
      <Filter>Source Files</Filter>
    </ClCompile>
    <ClCompile Include="C:\Users\gr277128\Documents\GitHub\2D-Engine\src\engine\rendering\Camera.cpp">
      <Filter>Source Files</Filter>
    </ClCompile>
    <ClCompile Include="C:\Users\gr277128\Documents\GitHub\2D-Engine\src\engine\rendering\IndexBuffer.cpp">
      <Filter>Source Files</Filter>
    </ClCompile>
    <ClCompile Include="C:\Users\gr277128\Documents\GitHub\2D-Engine\src\engine\rendering\Renderer.cpp">
      <Filter>Source Files</Filter>
    </ClCompile>
    <ClCompile Include="C:\Users\gr277128\Documents\GitHub\2D-Engine\src\engine\rendering\Shader.cpp">
      <Filter>Source Files</Filter>
    </ClCompile>
    <ClCompile Include="C:\Users\gr277128\Documents\GitHub\2D-Engine\src\engine\rendering\Texture.cpp">
      <Filter>Source Files</Filter>
    </ClCompile>
    <ClCompile Include="C:\Users\gr277128\Documents\GitHub\2D-Engine\src\engine\rendering\VertexArray.cpp">
      <Filter>Source Files</Filter>
    </ClCompile>
    <ClCompile Include="C:\Users\gr277128\Documents\GitHub\2D-Engine\src\engine\rendering\VertexBuffer.cpp">
      <Filter>Source Files</Filter>
    </ClCompile>
    <ClCompile Include="C:\Users\gr277128\Documents\GitHub\2D-Engine\src\engine\systems\CollisionSystem.cpp">
      <Filter>Source Files</Filter>
    </ClCompile>
    <ClCompile Include="C:\Users\gr277128\Documents\GitHub\2D-Engine\src\engine\systems\TimerSystem.cpp">
      <Filter>Source Files</Filter>
    </ClCompile>
    <ClCompile Include="C:\Users\gr277128\Documents\GitHub\2D-Engine\src\main.cpp">
      <Filter>Source Files</Filter>
    </ClCompile>
    <ClCompile Include="C:\Users\gr277128\Documents\GitHub\2D-Engine\dep\glad\glad.c">
      <Filter>Source Files</Filter>
    </ClCompile>
  </ItemGroup>
  <ItemGroup>
    <ClInclude Include="C:\Users\gr277128\Documents\GitHub\2D-Engine\src\config.h">
      <Filter>Header Files</Filter>
    </ClInclude>
    <ClInclude Include="C:\Users\gr277128\Documents\GitHub\2D-Engine\src\engine\Engine.h">
      <Filter>Header Files</Filter>
    </ClInclude>
    <ClInclude Include="C:\Users\gr277128\Documents\GitHub\2D-Engine\src\engine\GameObject.h">
      <Filter>Header Files</Filter>
    </ClInclude>
    <ClInclude Include="C:\Users\gr277128\Documents\GitHub\2D-Engine\src\engine\Scene.h">
      <Filter>Header Files</Filter>
    </ClInclude>
    <ClInclude Include="C:\Users\gr277128\Documents\GitHub\2D-Engine\src\engine\System.h">
      <Filter>Header Files</Filter>
    </ClInclude>
    <ClInclude Include="C:\Users\gr277128\Documents\GitHub\2D-Engine\src\engine\Window.h">
      <Filter>Header Files</Filter>
    </ClInclude>
    <ClInclude Include="C:\Users\gr277128\Documents\GitHub\2D-Engine\src\engine\components\ColliderComponent.h">
      <Filter>Header Files</Filter>
    </ClInclude>
    <ClInclude Include="C:\Users\gr277128\Documents\GitHub\2D-Engine\src\engine\components\SpriteComponent.h">
      <Filter>Header Files</Filter>
    </ClInclude>
    <ClInclude Include="C:\Users\gr277128\Documents\GitHub\2D-Engine\src\engine\components\TransformComponent.h">
      <Filter>Header Files</Filter>
    </ClInclude>
    <ClInclude Include="C:\Users\gr277128\Documents\GitHub\2D-Engine\src\engine\gameobjects\ImageGameObject.h">
      <Filter>Header Files</Filter>
    </ClInclude>
    <ClInclude Include="C:\Users\gr277128\Documents\GitHub\2D-Engine\src\engine\gameobjects\PlayerGameObject.h">
      <Filter>Header Files</Filter>
    </ClInclude>
    <ClInclude Include="C:\Users\gr277128\Documents\GitHub\2D-Engine\src\engine\rendering\Camera.h">
      <Filter>Header Files</Filter>
    </ClInclude>
    <ClInclude Include="C:\Users\gr277128\Documents\GitHub\2D-Engine\src\engine\rendering\IndexBuffer.h">
      <Filter>Header Files</Filter>
    </ClInclude>
    <ClInclude Include="C:\Users\gr277128\Documents\GitHub\2D-Engine\src\engine\rendering\Renderer.h">
      <Filter>Header Files</Filter>
    </ClInclude>
    <ClInclude Include="C:\Users\gr277128\Documents\GitHub\2D-Engine\src\engine\rendering\Shader.h">
      <Filter>Header Files</Filter>
    </ClInclude>
    <ClInclude Include="C:\Users\gr277128\Documents\GitHub\2D-Engine\src\engine\rendering\Texture.h">
      <Filter>Header Files</Filter>
    </ClInclude>
    <ClInclude Include="C:\Users\gr277128\Documents\GitHub\2D-Engine\src\engine\rendering\VertexArray.h">
      <Filter>Header Files</Filter>
    </ClInclude>
    <ClInclude Include="C:\Users\gr277128\Documents\GitHub\2D-Engine\src\engine\rendering\VertexBuffer.h">
      <Filter>Header Files</Filter>
    </ClInclude>
    <ClInclude Include="C:\Users\gr277128\Documents\GitHub\2D-Engine\src\engine\rendering\VertexBufferLayout.h">
      <Filter>Header Files</Filter>
    </ClInclude>
    <ClInclude Include="C:\Users\gr277128\Documents\GitHub\2D-Engine\src\engine\systems\CollisionSystem.h">
      <Filter>Header Files</Filter>
    </ClInclude>
    <ClInclude Include="C:\Users\gr277128\Documents\GitHub\2D-Engine\src\engine\systems\TimerSystem.h">
      <Filter>Header Files</Filter>
    </ClInclude>
    <ClInclude Include="C:\Users\gr277128\Documents\GitHub\2D-Engine\src\settings.h">
      <Filter>Header Files</Filter>
    </ClInclude>
    <ClInclude Include="C:\Users\gr277128\Documents\GitHub\2D-Engine\src\util.h">
      <Filter>Header Files</Filter>
    </ClInclude>
  </ItemGroup>
  <ItemGroup>
    <CustomBuild Include="C:\Users\gr277128\Documents\GitHub\2D-Engine\CMakeLists.txt" />
  </ItemGroup>
  <ItemGroup>
    <Filter Include="Header Files">
      <UniqueIdentifier>{E29ADE07-BC02-33E9-B18B-13DF5CDC01DC}</UniqueIdentifier>
    </Filter>
    <Filter Include="Source Files">
      <UniqueIdentifier>{0B07639C-9750-3818-BE93-2DEFD2C035B5}</UniqueIdentifier>
    </Filter>
  </ItemGroup>
</Project>
